
Microsoft Visual Studio Solution File, Format Version 12.00
# Visual Studio 14
VisualStudioVersion = 14.0.25420.1
MinimumVisualStudioVersion = 10.0.40219.1
Project("{FAE04EC0-301F-11D3-BF4B-00C04F79EFBC}") = "WebAPISample", "WebAPISample\WebAPISample.csproj", "{2978616B-A045-43D1-9A65-68C9223F025E}"
EndProject
Global
	GlobalSection(SolutionConfigurationPlatforms) = preSolution
		Debug|Any CPU = Debug|Any CPU
		Release|Any CPU = Release|Any CPU
	EndGlobalSection
	GlobalSection(ProjectConfigurationPlatforms) = postSolution
		{2978616B-A045-43D1-9A65-68C9223F025E}.Debug|Any CPU.ActiveCfg = Debug|Any CPU
		{2978616B-A045-43D1-9A65-68C9223F025E}.Debug|Any CPU.Build.0 = Debug|Any CPU
		{2978616B-A045-43D1-9A65-68C9223F025E}.Release|Any CPU.ActiveCfg = Release|Any CPU
		{2978616B-A045-43D1-9A65-68C9223F025E}.Release|Any CPU.Build.0 = Release|Any CPU
	EndGlobalSection
	GlobalSection(SolutionProperties) = preSolution
		HideSolutionNode = FALSE
	EndGlobalSection
EndGlobal
